# THIS IS AN AUTOGENERATED FILE. DO NOT EDIT THIS FILE DIRECTLY.
# yarn lockfile v1


vue2-touch-events@^2.1.0:
  version "2.1.0"
  resolved "https://registry.yarnpkg.com/vue2-touch-events/-/vue2-touch-events-2.1.0.tgz#3d53e922ab1e65c5a6dcbc977c70f1fea368e821"
  integrity sha512-RUoM0wB6xi5hbhIkngexREXrawX1jHup0sMFRb+WAWzT32cbjPBlRxDgk3pr0spBljyVXhwEjyqkLRRsMMi+VA==
